
Microsoft Visual Studio Solution File, Format Version 12.00
# Visual Studio 15
VisualStudioVersion = 15.0.28010.2036
MinimumVisualStudioVersion = 10.0.40219.1
Project("{FAE04EC0-301F-11D3-BF4B-00C04F79EFBC}") = "ConsumerOne.Mobile.Android", "ConsumerOne.Mobile\ConsumerOne.Mobile.Android\ConsumerOne.Mobile.Android.csproj", "{A8190CED-B823-430B-86D8-11761D4AE075}"
EndProject
Project("{FAE04EC0-301F-11D3-BF4B-00C04F79EFBC}") = "ConsumerOne.Mobile.iOS", "ConsumerOne.Mobile\ConsumerOne.Mobile.iOS\ConsumerOne.Mobile.iOS.csproj", "{1B3BDBA1-6BB4-4DCC-98C9-0D9B750DBD92}"
EndProject
Project("{9A19103F-16F7-4668-BE54-9A1E7A4F7556}") = "ConsumerOne.Mobile", "ConsumerOne.Mobile\ConsumerOne.Mobile\ConsumerOne.Mobile.csproj", "{AC2F44B6-5748-4523-AEF5-0AC6522D0896}"
EndProject
Global
	GlobalSection(SolutionConfigurationPlatforms) = preSolution
		Ad-Hoc|Any CPU = Ad-Hoc|Any CPU
		Ad-Hoc|iPhone = Ad-Hoc|iPhone
		Ad-Hoc|iPhoneSimulator = Ad-Hoc|iPhoneSimulator
		AppStore|Any CPU = AppStore|Any CPU
		AppStore|iPhone = AppStore|iPhone
		AppStore|iPhoneSimulator = AppStore|iPhoneSimulator
		Debug|Any CPU = Debug|Any CPU
		Debug|iPhone = Debug|iPhone
		Debug|iPhoneSimulator = Debug|iPhoneSimulator
		Release|Any CPU = Release|Any CPU
		Release|iPhone = Release|iPhone
		Release|iPhoneSimulator = Release|iPhoneSimulator
	EndGlobalSection
	GlobalSection(ProjectConfigurationPlatforms) = postSolution
		{A8190CED-B823-430B-86D8-11761D4AE075}.Ad-Hoc|Any CPU.ActiveCfg = Release|Any CPU
		{A8190CED-B823-430B-86D8-11761D4AE075}.Ad-Hoc|Any CPU.Build.0 = Release|Any CPU
		{A8190CED-B823-430B-86D8-11761D4AE075}.Ad-Hoc|Any CPU.Deploy.0 = Release|Any CPU
		{A8190CED-B823-430B-86D8-11761D4AE075}.Ad-Hoc|iPhone.ActiveCfg = Release|Any CPU
		{A8190CED-B823-430B-86D8-11761D4AE075}.Ad-Hoc|iPhone.Build.0 = Release|Any CPU
		{A8190CED-B823-430B-86D8-11761D4AE075}.Ad-Hoc|iPhone.Deploy.0 = Release|Any CPU
		{A8190CED-B823-430B-86D8-11761D4AE075}.Ad-Hoc|iPhoneSimulator.ActiveCfg = Release|Any CPU
		{A8190CED-B823-430B-86D8-11761D4AE075}.Ad-Hoc|iPhoneSimulator.Build.0 = Release|Any CPU
		{A8190CED-B823-430B-86D8-11761D4AE075}.Ad-Hoc|iPhoneSimulator.Deploy.0 = Release|Any CPU
		{A8190CED-B823-430B-86D8-11761D4AE075}.AppStore|Any CPU.ActiveCfg = Release|Any CPU
		{A8190CED-B823-430B-86D8-11761D4AE075}.AppStore|Any CPU.Build.0 = Release|Any CPU
		{A8190CED-B823-430B-86D8-11761D4AE075}.AppStore|Any CPU.Deploy.0 = Release|Any CPU
		{A8190CED-B823-430B-86D8-11761D4AE075}.AppStore|iPhone.ActiveCfg = Release|Any CPU
		{A8190CED-B823-430B-86D8-11761D4AE075}.AppStore|iPhone.Build.0 = Release|Any CPU
		{A8190CED-B823-430B-86D8-11761D4AE075}.AppStore|iPhone.Deploy.0 = Release|Any CPU
		{A8190CED-B823-430B-86D8-11761D4AE075}.AppStore|iPhoneSimulator.ActiveCfg = Release|Any CPU
		{A8190CED-B823-430B-86D8-11761D4AE075}.AppStore|iPhoneSimulator.Build.0 = Release|Any CPU
		{A8190CED-B823-430B-86D8-11761D4AE075}.AppStore|iPhoneSimulator.Deploy.0 = Release|Any CPU
		{A8190CED-B823-430B-86D8-11761D4AE075}.Debug|Any CPU.ActiveCfg = Debug|Any CPU
		{A8190CED-B823-430B-86D8-11761D4AE075}.Debug|Any CPU.Build.0 = Debug|Any CPU
		{A8190CED-B823-430B-86D8-11761D4AE075}.Debug|Any CPU.Deploy.0 = Debug|Any CPU
		{A8190CED-B823-430B-86D8-11761D4AE075}.Debug|iPhone.ActiveCfg = Debug|Any CPU
		{A8190CED-B823-430B-86D8-11761D4AE075}.Debug|iPhone.Build.0 = Debug|Any CPU
		{A8190CED-B823-430B-86D8-11761D4AE075}.Debug|iPhone.Deploy.0 = Debug|Any CPU
		{A8190CED-B823-430B-86D8-11761D4AE075}.Debug|iPhoneSimulator.ActiveCfg = Debug|Any CPU
		{A8190CED-B823-430B-86D8-11761D4AE075}.Debug|iPhoneSimulator.Build.0 = Debug|Any CPU
		{A8190CED-B823-430B-86D8-11761D4AE075}.Debug|iPhoneSimulator.Deploy.0 = Debug|Any CPU
		{A8190CED-B823-430B-86D8-11761D4AE075}.Release|Any CPU.ActiveCfg = Release|Any CPU
		{A8190CED-B823-430B-86D8-11761D4AE075}.Release|Any CPU.Build.0 = Release|Any CPU
		{A8190CED-B823-430B-86D8-11761D4AE075}.Release|Any CPU.Deploy.0 = Release|Any CPU
		{A8190CED-B823-430B-86D8-11761D4AE075}.Release|iPhone.ActiveCfg = Release|Any CPU
		{A8190CED-B823-430B-86D8-11761D4AE075}.Release|iPhone.Build.0 = Release|Any CPU
		{A8190CED-B823-430B-86D8-11761D4AE075}.Release|iPhone.Deploy.0 = Release|Any CPU
		{A8190CED-B823-430B-86D8-11761D4AE075}.Release|iPhoneSimulator.ActiveCfg = Release|Any CPU
		{A8190CED-B823-430B-86D8-11761D4AE075}.Release|iPhoneSimulator.Build.0 = Release|Any CPU
		{A8190CED-B823-430B-86D8-11761D4AE075}.Release|iPhoneSimulator.Deploy.0 = Release|Any CPU
		{1B3BDBA1-6BB4-4DCC-98C9-0D9B750DBD92}.Ad-Hoc|Any CPU.ActiveCfg = Ad-Hoc|iPhone
		{1B3BDBA1-6BB4-4DCC-98C9-0D9B750DBD92}.Ad-Hoc|Any CPU.Build.0 = Ad-Hoc|iPhone
		{1B3BDBA1-6BB4-4DCC-98C9-0D9B750DBD92}.Ad-Hoc|Any CPU.Deploy.0 = Ad-Hoc|iPhone
		{1B3BDBA1-6BB4-4DCC-98C9-0D9B750DBD92}.Ad-Hoc|iPhone.ActiveCfg = Ad-Hoc|iPhone
		{1B3BDBA1-6BB4-4DCC-98C9-0D9B750DBD92}.Ad-Hoc|iPhone.Build.0 = Ad-Hoc|iPhone
		{1B3BDBA1-6BB4-4DCC-98C9-0D9B750DBD92}.Ad-Hoc|iPhone.Deploy.0 = Ad-Hoc|iPhone
		{1B3BDBA1-6BB4-4DCC-98C9-0D9B750DBD92}.Ad-Hoc|iPhoneSimulator.ActiveCfg = Ad-Hoc|iPhoneSimulator
		{1B3BDBA1-6BB4-4DCC-98C9-0D9B750DBD92}.Ad-Hoc|iPhoneSimulator.Build.0 = Ad-Hoc|iPhoneSimulator
		{1B3BDBA1-6BB4-4DCC-98C9-0D9B750DBD92}.Ad-Hoc|iPhoneSimulator.Deploy.0 = Ad-Hoc|iPhoneSimulator
		{1B3BDBA1-6BB4-4DCC-98C9-0D9B750DBD92}.AppStore|Any CPU.ActiveCfg = AppStore|iPhone
		{1B3BDBA1-6BB4-4DCC-98C9-0D9B750DBD92}.AppStore|Any CPU.Build.0 = AppStore|iPhone
		{1B3BDBA1-6BB4-4DCC-98C9-0D9B750DBD92}.AppStore|Any CPU.Deploy.0 = AppStore|iPhone
		{1B3BDBA1-6BB4-4DCC-98C9-0D9B750DBD92}.AppStore|iPhone.ActiveCfg = AppStore|iPhone
		{1B3BDBA1-6BB4-4DCC-98C9-0D9B750DBD92}.AppStore|iPhone.Build.0 = AppStore|iPhone
		{1B3BDBA1-6BB4-4DCC-98C9-0D9B750DBD92}.AppStore|iPhone.Deploy.0 = AppStore|iPhone
		{1B3BDBA1-6BB4-4DCC-98C9-0D9B750DBD92}.AppStore|iPhoneSimulator.ActiveCfg = AppStore|iPhoneSimulator
		{1B3BDBA1-6BB4-4DCC-98C9-0D9B750DBD92}.AppStore|iPhoneSimulator.Build.0 = AppStore|iPhoneSimulator
		{1B3BDBA1-6BB4-4DCC-98C9-0D9B750DBD92}.AppStore|iPhoneSimulator.Deploy.0 = AppStore|iPhoneSimulator
		{1B3BDBA1-6BB4-4DCC-98C9-0D9B750DBD92}.Debug|Any CPU.ActiveCfg = Debug|iPhoneSimulator
		{1B3BDBA1-6BB4-4DCC-98C9-0D9B750DBD92}.Debug|Any CPU.Build.0 = Debug|iPhoneSimulator
		{1B3BDBA1-6BB4-4DCC-98C9-0D9B750DBD92}.Debug|Any CPU.Deploy.0 = Debug|iPhoneSimulator
		{1B3BDBA1-6BB4-4DCC-98C9-0D9B750DBD92}.Debug|iPhone.ActiveCfg = Debug|iPhone
		{1B3BDBA1-6BB4-4DCC-98C9-0D9B750DBD92}.Debug|iPhone.Build.0 = Debug|iPhone
		{1B3BDBA1-6BB4-4DCC-98C9-0D9B750DBD92}.Debug|iPhone.Deploy.0 = Debug|iPhone
		{1B3BDBA1-6BB4-4DCC-98C9-0D9B750DBD92}.Debug|iPhoneSimulator.ActiveCfg = Debug|iPhoneSimulator
		{1B3BDBA1-6BB4-4DCC-98C9-0D9B750DBD92}.Debug|iPhoneSimulator.Build.0 = Debug|iPhoneSimulator
		{1B3BDBA1-6BB4-4DCC-98C9-0D9B750DBD92}.Debug|iPhoneSimulator.Deploy.0 = Debug|iPhoneSimulator
		{1B3BDBA1-6BB4-4DCC-98C9-0D9B750DBD92}.Release|Any CPU.ActiveCfg = Release|iPhone
		{1B3BDBA1-6BB4-4DCC-98C9-0D9B750DBD92}.Release|Any CPU.Build.0 = Release|iPhone
		{1B3BDBA1-6BB4-4DCC-98C9-0D9B750DBD92}.Release|Any CPU.Deploy.0 = Release|iPhone
		{1B3BDBA1-6BB4-4DCC-98C9-0D9B750DBD92}.Release|iPhone.ActiveCfg = Release|iPhone
		{1B3BDBA1-6BB4-4DCC-98C9-0D9B750DBD92}.Release|iPhone.Build.0 = Release|iPhone
		{1B3BDBA1-6BB4-4DCC-98C9-0D9B750DBD92}.Release|iPhone.Deploy.0 = Release|iPhone
		{1B3BDBA1-6BB4-4DCC-98C9-0D9B750DBD92}.Release|iPhoneSimulator.ActiveCfg = Release|iPhoneSimulator
		{1B3BDBA1-6BB4-4DCC-98C9-0D9B750DBD92}.Release|iPhoneSimulator.Build.0 = Release|iPhoneSimulator
		{1B3BDBA1-6BB4-4DCC-98C9-0D9B750DBD92}.Release|iPhoneSimulator.Deploy.0 = Release|iPhoneSimulator
		{AC2F44B6-5748-4523-AEF5-0AC6522D0896}.Ad-Hoc|Any CPU.ActiveCfg = Debug|Any CPU
		{AC2F44B6-5748-4523-AEF5-0AC6522D0896}.Ad-Hoc|Any CPU.Build.0 = Debug|Any CPU
		{AC2F44B6-5748-4523-AEF5-0AC6522D0896}.Ad-Hoc|Any CPU.Deploy.0 = Debug|Any CPU
		{AC2F44B6-5748-4523-AEF5-0AC6522D0896}.Ad-Hoc|iPhone.ActiveCfg = Debug|Any CPU
		{AC2F44B6-5748-4523-AEF5-0AC6522D0896}.Ad-Hoc|iPhone.Build.0 = Debug|Any CPU
		{AC2F44B6-5748-4523-AEF5-0AC6522D0896}.Ad-Hoc|iPhone.Deploy.0 = Debug|Any CPU
		{AC2F44B6-5748-4523-AEF5-0AC6522D0896}.Ad-Hoc|iPhoneSimulator.ActiveCfg = Debug|Any CPU
		{AC2F44B6-5748-4523-AEF5-0AC6522D0896}.Ad-Hoc|iPhoneSimulator.Build.0 = Debug|Any CPU
		{AC2F44B6-5748-4523-AEF5-0AC6522D0896}.Ad-Hoc|iPhoneSimulator.Deploy.0 = Debug|Any CPU
		{AC2F44B6-5748-4523-AEF5-0AC6522D0896}.AppStore|Any CPU.ActiveCfg = Debug|Any CPU
		{AC2F44B6-5748-4523-AEF5-0AC6522D0896}.AppStore|Any CPU.Build.0 = Debug|Any CPU
		{AC2F44B6-5748-4523-AEF5-0AC6522D0896}.AppStore|Any CPU.Deploy.0 = Debug|Any CPU
		{AC2F44B6-5748-4523-AEF5-0AC6522D0896}.AppStore|iPhone.ActiveCfg = Debug|Any CPU
		{AC2F44B6-5748-4523-AEF5-0AC6522D0896}.AppStore|iPhone.Build.0 = Debug|Any CPU
		{AC2F44B6-5748-4523-AEF5-0AC6522D0896}.AppStore|iPhone.Deploy.0 = Debug|Any CPU
		{AC2F44B6-5748-4523-AEF5-0AC6522D0896}.AppStore|iPhoneSimulator.ActiveCfg = Debug|Any CPU
		{AC2F44B6-5748-4523-AEF5-0AC6522D0896}.AppStore|iPhoneSimulator.Build.0 = Debug|Any CPU
		{AC2F44B6-5748-4523-AEF5-0AC6522D0896}.AppStore|iPhoneSimulator.Deploy.0 = Debug|Any CPU
		{AC2F44B6-5748-4523-AEF5-0AC6522D0896}.Debug|Any CPU.ActiveCfg = Debug|Any CPU
		{AC2F44B6-5748-4523-AEF5-0AC6522D0896}.Debug|Any CPU.Build.0 = Debug|Any CPU
		{AC2F44B6-5748-4523-AEF5-0AC6522D0896}.Debug|Any CPU.Deploy.0 = Debug|Any CPU
		{AC2F44B6-5748-4523-AEF5-0AC6522D0896}.Debug|iPhone.ActiveCfg = Debug|Any CPU
		{AC2F44B6-5748-4523-AEF5-0AC6522D0896}.Debug|iPhone.Build.0 = Debug|Any CPU
		{AC2F44B6-5748-4523-AEF5-0AC6522D0896}.Debug|iPhone.Deploy.0 = Debug|Any CPU
		{AC2F44B6-5748-4523-AEF5-0AC6522D0896}.Debug|iPhoneSimulator.ActiveCfg = Debug|Any CPU
		{AC2F44B6-5748-4523-AEF5-0AC6522D0896}.Debug|iPhoneSimulator.Build.0 = Debug|Any CPU
		{AC2F44B6-5748-4523-AEF5-0AC6522D0896}.Debug|iPhoneSimulator.Deploy.0 = Debug|Any CPU
		{AC2F44B6-5748-4523-AEF5-0AC6522D0896}.Release|Any CPU.ActiveCfg = Release|Any CPU
		{AC2F44B6-5748-4523-AEF5-0AC6522D0896}.Release|Any CPU.Build.0 = Release|Any CPU
		{AC2F44B6-5748-4523-AEF5-0AC6522D0896}.Release|Any CPU.Deploy.0 = Release|Any CPU
		{AC2F44B6-5748-4523-AEF5-0AC6522D0896}.Release|iPhone.ActiveCfg = Release|Any CPU
		{AC2F44B6-5748-4523-AEF5-0AC6522D0896}.Release|iPhone.Build.0 = Release|Any CPU
		{AC2F44B6-5748-4523-AEF5-0AC6522D0896}.Release|iPhone.Deploy.0 = Release|Any CPU
		{AC2F44B6-5748-4523-AEF5-0AC6522D0896}.Release|iPhoneSimulator.ActiveCfg = Release|Any CPU
		{AC2F44B6-5748-4523-AEF5-0AC6522D0896}.Release|iPhoneSimulator.Build.0 = Release|Any CPU
		{AC2F44B6-5748-4523-AEF5-0AC6522D0896}.Release|iPhoneSimulator.Deploy.0 = Release|Any CPU
	EndGlobalSection
	GlobalSection(SolutionProperties) = preSolution
		HideSolutionNode = FALSE
	EndGlobalSection
	GlobalSection(ExtensibilityGlobals) = postSolution
		SolutionGuid = {AFDC4364-5E26-4DD9-9E27-883FBC430399}
	EndGlobalSection
EndGlobal
